
Microsoft Visual Studio Solution File, Format Version 12.00
# Visual Studio Version 16
VisualStudioVersion = 16.0.30503.244
MinimumVisualStudioVersion = 10.0.40219.1
Project("{FAE04EC0-301F-11D3-BF4B-00C04F79EFBC}") = "daonguocphantu", "daonguocphantu.csproj", "{1194701A-620B-4DCD-B26D-6C2FD6F08ABD}"
EndProject
Global
	GlobalSection(SolutionConfigurationPlatforms) = preSolution
		Debug|Any CPU = Debug|Any CPU
		Release|Any CPU = Release|Any CPU
	EndGlobalSection
	GlobalSection(ProjectConfigurationPlatforms) = postSolution
		{1194701A-620B-4DCD-B26D-6C2FD6F08ABD}.Debug|Any CPU.ActiveCfg = Debug|Any CPU
		{1194701A-620B-4DCD-B26D-6C2FD6F08ABD}.Debug|Any CPU.Build.0 = Debug|Any CPU
		{1194701A-620B-4DCD-B26D-6C2FD6F08ABD}.Release|Any CPU.ActiveCfg = Release|Any CPU
		{1194701A-620B-4DCD-B26D-6C2FD6F08ABD}.Release|Any CPU.Build.0 = Release|Any CPU
	EndGlobalSection
	GlobalSection(SolutionProperties) = preSolution
		HideSolutionNode = FALSE
	EndGlobalSection
	GlobalSection(ExtensibilityGlobals) = postSolution
		SolutionGuid = {951625CF-691A-4F7E-9EAA-E1FC66ECC41F}
	EndGlobalSection
EndGlobal
